
Microsoft Visual Studio Solution File, Format Version 12.00
# Visual Studio Version 16
VisualStudioVersion = 16.0.30907.101
MinimumVisualStudioVersion = 10.0.40219.1
Project("{9A19103F-16F7-4668-BE54-9A1E7A4F7556}") = "Healthware.Server", "Healthware\Server\Healthware.Server.csproj", "{FE07FDB7-2B75-4274-9E83-918B3D5EA322}"
EndProject
Project("{9A19103F-16F7-4668-BE54-9A1E7A4F7556}") = "Healthware.Client", "Healthware\Client\Healthware.Client.csproj", "{7C8269D3-635C-4291-BA1A-E7C04CFDB6C0}"
EndProject
Project("{9A19103F-16F7-4668-BE54-9A1E7A4F7556}") = "Healthware.Shared", "Healthware\Shared\Healthware.Shared.csproj", "{68D0178C-A34F-4802-8DFC-56976D2345DA}"
EndProject
Project("{FAE04EC0-301F-11D3-BF4B-00C04F79EFBC}") = "Healthware.Assist.Core.Web", "Healthware.Assist.Core.Web\Healthware.Assist.Core.Web.csproj", "{FB21E112-7216-4B10-A4BC-283C0674373E}"
EndProject
Project("{FAE04EC0-301F-11D3-BF4B-00C04F79EFBC}") = "Healthware.Assist.Core", "Healthware.Assist.Core\Healthware.Assist.Core.csproj", "{FCE261F1-5465-4966-BD99-F6FB6A4AC95C}"
EndProject
Project("{FAE04EC0-301F-11D3-BF4B-00C04F79EFBC}") = "Healthware.Assist.Core.Dtos", "Healthware.Assist.Core.Dtos\Healthware.Assist.Core.Dtos.csproj", "{9E7C905F-B156-404C-A9CB-1C545BD045F7}"
EndProject
Global
	GlobalSection(SolutionConfigurationPlatforms) = preSolution
		Debug|Any CPU = Debug|Any CPU
		Release|Any CPU = Release|Any CPU
	EndGlobalSection
	GlobalSection(ProjectConfigurationPlatforms) = postSolution
		{FE07FDB7-2B75-4274-9E83-918B3D5EA322}.Debug|Any CPU.ActiveCfg = Debug|Any CPU
		{FE07FDB7-2B75-4274-9E83-918B3D5EA322}.Debug|Any CPU.Build.0 = Debug|Any CPU
		{FE07FDB7-2B75-4274-9E83-918B3D5EA322}.Release|Any CPU.ActiveCfg = Release|Any CPU
		{FE07FDB7-2B75-4274-9E83-918B3D5EA322}.Release|Any CPU.Build.0 = Release|Any CPU
		{7C8269D3-635C-4291-BA1A-E7C04CFDB6C0}.Debug|Any CPU.ActiveCfg = Debug|Any CPU
		{7C8269D3-635C-4291-BA1A-E7C04CFDB6C0}.Debug|Any CPU.Build.0 = Debug|Any CPU
		{7C8269D3-635C-4291-BA1A-E7C04CFDB6C0}.Release|Any CPU.ActiveCfg = Release|Any CPU
		{7C8269D3-635C-4291-BA1A-E7C04CFDB6C0}.Release|Any CPU.Build.0 = Release|Any CPU
		{68D0178C-A34F-4802-8DFC-56976D2345DA}.Debug|Any CPU.ActiveCfg = Debug|Any CPU
		{68D0178C-A34F-4802-8DFC-56976D2345DA}.Debug|Any CPU.Build.0 = Debug|Any CPU
		{68D0178C-A34F-4802-8DFC-56976D2345DA}.Release|Any CPU.ActiveCfg = Release|Any CPU
		{68D0178C-A34F-4802-8DFC-56976D2345DA}.Release|Any CPU.Build.0 = Release|Any CPU
		{FB21E112-7216-4B10-A4BC-283C0674373E}.Debug|Any CPU.ActiveCfg = Debug|Any CPU
		{FB21E112-7216-4B10-A4BC-283C0674373E}.Debug|Any CPU.Build.0 = Debug|Any CPU
		{FB21E112-7216-4B10-A4BC-283C0674373E}.Release|Any CPU.ActiveCfg = Release|Any CPU
		{FB21E112-7216-4B10-A4BC-283C0674373E}.Release|Any CPU.Build.0 = Release|Any CPU
		{FCE261F1-5465-4966-BD99-F6FB6A4AC95C}.Debug|Any CPU.ActiveCfg = Debug|Any CPU
		{FCE261F1-5465-4966-BD99-F6FB6A4AC95C}.Debug|Any CPU.Build.0 = Debug|Any CPU
		{FCE261F1-5465-4966-BD99-F6FB6A4AC95C}.Release|Any CPU.ActiveCfg = Release|Any CPU
		{FCE261F1-5465-4966-BD99-F6FB6A4AC95C}.Release|Any CPU.Build.0 = Release|Any CPU
		{9E7C905F-B156-404C-A9CB-1C545BD045F7}.Debug|Any CPU.ActiveCfg = Debug|Any CPU
		{9E7C905F-B156-404C-A9CB-1C545BD045F7}.Debug|Any CPU.Build.0 = Debug|Any CPU
		{9E7C905F-B156-404C-A9CB-1C545BD045F7}.Release|Any CPU.ActiveCfg = Release|Any CPU
		{9E7C905F-B156-404C-A9CB-1C545BD045F7}.Release|Any CPU.Build.0 = Release|Any CPU
	EndGlobalSection
	GlobalSection(SolutionProperties) = preSolution
		HideSolutionNode = FALSE
	EndGlobalSection
	GlobalSection(ExtensibilityGlobals) = postSolution
		SolutionGuid = {7567AD58-BF2A-412E-BAA3-D849A1B3729A}
	EndGlobalSection
EndGlobal
