
Microsoft Visual Studio Solution File, Format Version 12.00
# Visual Studio Version 16
VisualStudioVersion = 16.0.30907.101
MinimumVisualStudioVersion = 10.0.40219.1
Project("{FAE04EC0-301F-11D3-BF4B-00C04F79EFBC}") = "Healthware.Server", "Healthware\Server\Healthware.Server.csproj", "{FE07FDB7-2B75-4274-9E83-918B3D5EA322}"
EndProject
Project("{FAE04EC0-301F-11D3-BF4B-00C04F79EFBC}") = "Healthware.Client", "Healthware\Client\Healthware.Client.csproj", "{7C8269D3-635C-4291-BA1A-E7C04CFDB6C0}"
EndProject
Project("{FAE04EC0-301F-11D3-BF4B-00C04F79EFBC}") = "Healthware.Shared", "Healthware\Shared\Healthware.Shared.csproj", "{68D0178C-A34F-4802-8DFC-56976D2345DA}"
EndProject
Global
	GlobalSection(SolutionConfigurationPlatforms) = preSolution
		Debug|Any CPU = Debug|Any CPU
		Release|Any CPU = Release|Any CPU
	EndGlobalSection
	GlobalSection(ProjectConfigurationPlatforms) = postSolution
		{FE07FDB7-2B75-4274-9E83-918B3D5EA322}.Debug|Any CPU.ActiveCfg = Debug|Any CPU
		{FE07FDB7-2B75-4274-9E83-918B3D5EA322}.Debug|Any CPU.Build.0 = Debug|Any CPU
		{FE07FDB7-2B75-4274-9E83-918B3D5EA322}.Release|Any CPU.ActiveCfg = Release|Any CPU
		{FE07FDB7-2B75-4274-9E83-918B3D5EA322}.Release|Any CPU.Build.0 = Release|Any CPU
		{7C8269D3-635C-4291-BA1A-E7C04CFDB6C0}.Debug|Any CPU.ActiveCfg = Debug|Any CPU
		{7C8269D3-635C-4291-BA1A-E7C04CFDB6C0}.Debug|Any CPU.Build.0 = Debug|Any CPU
		{7C8269D3-635C-4291-BA1A-E7C04CFDB6C0}.Release|Any CPU.ActiveCfg = Release|Any CPU
		{7C8269D3-635C-4291-BA1A-E7C04CFDB6C0}.Release|Any CPU.Build.0 = Release|Any CPU
		{68D0178C-A34F-4802-8DFC-56976D2345DA}.Debug|Any CPU.ActiveCfg = Debug|Any CPU
		{68D0178C-A34F-4802-8DFC-56976D2345DA}.Debug|Any CPU.Build.0 = Debug|Any CPU
		{68D0178C-A34F-4802-8DFC-56976D2345DA}.Release|Any CPU.ActiveCfg = Release|Any CPU
		{68D0178C-A34F-4802-8DFC-56976D2345DA}.Release|Any CPU.Build.0 = Release|Any CPU
	EndGlobalSection
	GlobalSection(SolutionProperties) = preSolution
		HideSolutionNode = FALSE
	EndGlobalSection
	GlobalSection(ExtensibilityGlobals) = postSolution
		SolutionGuid = {7567AD58-BF2A-412E-BAA3-D849A1B3729A}
	EndGlobalSection
EndGlobal
